// !$*UTF8*$!
{
	archiveVersion = 1;
	classes = {
	};
	objectVersion = 55;
	objects = {

/* Begin PBXBuildFile section */
		AD294EE829474AE60041F5CA /* MTOperationQueue.m in Sources */ = {isa = PBXBuildFile; fileRef = AD294EE729474AE60041F5CA /* MTOperationQueue.m */; };
		AD2FEFC92934B1E90015975B /* MTProgressController.m in Sources */ = {isa = PBXBuildFile; fileRef = AD2FEFC82934B1E90015975B /* MTProgressController.m */; };
		AD37CE312937EF860017E7EA /* MTActivityController.m in Sources */ = {isa = PBXBuildFile; fileRef = AD37CE302937EF860017E7EA /* MTActivityController.m */; };
		AD42118E29687F8C00C2EC9C /* MTTextPatternValueTransformer.m in Sources */ = {isa = PBXBuildFile; fileRef = AD42118C29687F8C00C2EC9C /* MTTextPatternValueTransformer.m */; };
		AD534F3A29312A6800759C19 /* MTNotarization.m in Sources */ = {isa = PBXBuildFile; fileRef = AD534F3929312A6800759C19 /* MTNotarization.m */; };
		AD581B8529683617002F85D7 /* MTSettingsCredentialTabController.m in Sources */ = {isa = PBXBuildFile; fileRef = AD581B8429683617002F85D7 /* MTSettingsCredentialTabController.m */; };
		AD581B89296836E2002F85D7 /* MTSettingsLocationsTabController.m in Sources */ = {isa = PBXBuildFile; fileRef = AD581B87296836E2002F85D7 /* MTSettingsLocationsTabController.m */; };
		AD581B8D296838F2002F85D7 /* MTTabViewController.m in Sources */ = {isa = PBXBuildFile; fileRef = AD581B8C296838F2002F85D7 /* MTTabViewController.m */; };
		AD581B8F296843E7002F85D7 /* Script2Pkg.help in Resources */ = {isa = PBXBuildFile; fileRef = AD581B8E296843E7002F85D7 /* Script2Pkg.help */; };
		AD58FDA3294F7CFE00A0F173 /* MTProgressIndicator.m in Sources */ = {isa = PBXBuildFile; fileRef = AD58FDA2294F7CFE00A0F173 /* MTProgressIndicator.m */; };
		AD649A6A2967539F0032F7FA /* MTStateValueTransformer.m in Sources */ = {isa = PBXBuildFile; fileRef = AD649A692967539F0032F7FA /* MTStateValueTransformer.m */; };
		AD6B8CAF2976A784007D1818 /* MTSettingsGeneralTabController.m in Sources */ = {isa = PBXBuildFile; fileRef = AD6B8CAE2976A784007D1818 /* MTSettingsGeneralTabController.m */; };
		AD73BB912966C583009778FE /* MTLocalNotification.m in Sources */ = {isa = PBXBuildFile; fileRef = AD73BB8F2966C583009778FE /* MTLocalNotification.m */; };
		AD774CA429068D650072E62B /* AppDelegate.m in Sources */ = {isa = PBXBuildFile; fileRef = AD774CA329068D650072E62B /* AppDelegate.m */; };
		AD774CA729068D650072E62B /* MTMainViewController.m in Sources */ = {isa = PBXBuildFile; fileRef = AD774CA629068D650072E62B /* MTMainViewController.m */; };
		AD774CA929068D670072E62B /* Assets.xcassets in Resources */ = {isa = PBXBuildFile; fileRef = AD774CA829068D670072E62B /* Assets.xcassets */; };
		AD774CAC29068D670072E62B /* Main.storyboard in Resources */ = {isa = PBXBuildFile; fileRef = AD774CAA29068D670072E62B /* Main.storyboard */; };
		AD774CAE29068D670072E62B /* main.m in Sources */ = {isa = PBXBuildFile; fileRef = AD774CAD29068D670072E62B /* main.m */; };
		AD89DEA02968A5FA00537CA1 /* MTSettingsPackagingTabController.m in Sources */ = {isa = PBXBuildFile; fileRef = AD89DE9F2968A5FA00537CA1 /* MTSettingsPackagingTabController.m */; };
		AD89DEA42968B12A00537CA1 /* MTInvalidatedCredentialsTransformer.m in Sources */ = {isa = PBXBuildFile; fileRef = AD89DEA22968B12A00537CA1 /* MTInvalidatedCredentialsTransformer.m */; };
		AD8C28DB296741BA00EC5F18 /* MTTableCellView.m in Sources */ = {isa = PBXBuildFile; fileRef = AD8C28DA296741BA00EC5F18 /* MTTableCellView.m */; };
		AD9C4594292FA8E900171CDE /* MTCredentialsController.m in Sources */ = {isa = PBXBuildFile; fileRef = AD9C4593292FA8E900171CDE /* MTCredentialsController.m */; };
		ADB059D72941FFC90039C082 /* MTPackagingProgress.m in Sources */ = {isa = PBXBuildFile; fileRef = ADB059D62941FFC90039C082 /* MTPackagingProgress.m */; };
		ADB0A3A8297EAFF7008AFB52 /* MTSignatureValidationController.m in Sources */ = {isa = PBXBuildFile; fileRef = ADB0A3A7297EAFF7008AFB52 /* MTSignatureValidationController.m */; };
		ADE48E4F2939F2640010B630 /* MTTextColorValueTransformer.m in Sources */ = {isa = PBXBuildFile; fileRef = ADE48E4E2939F2640010B630 /* MTTextColorValueTransformer.m */; };
		ADF9C8AE292E105D004101DE /* MTDeveloperIdentity.m in Sources */ = {isa = PBXBuildFile; fileRef = ADF9C8AD292E105D004101DE /* MTDeveloperIdentity.m */; };
		ADF9C8AF292E1C0E004101DE /* Localizable.strings in Resources */ = {isa = PBXBuildFile; fileRef = ADF9C8B1292E1C0E004101DE /* Localizable.strings */; };
		ADF9C8B4292E22EB004101DE /* MTPayloadFreePackage.m in Sources */ = {isa = PBXBuildFile; fileRef = ADF9C8B3292E22EB004101DE /* MTPayloadFreePackage.m */; };
/* End PBXBuildFile section */

/* Begin PBXFileReference section */
		AD086A232935E59A00D30C61 /* Info.plist */ = {isa = PBXFileReference; lastKnownFileType = text.plist; path = Info.plist; sourceTree = "<group>"; };
		AD294EE629474AE60041F5CA /* MTOperationQueue.h */ = {isa = PBXFileReference; lastKnownFileType = sourcecode.c.h; name = MTOperationQueue.h; path = Script2Pkg/Classes/MTOperationQueue.h; sourceTree = SOURCE_ROOT; };
		AD294EE729474AE60041F5CA /* MTOperationQueue.m */ = {isa = PBXFileReference; lastKnownFileType = sourcecode.c.objc; name = MTOperationQueue.m; path = Script2Pkg/Classes/MTOperationQueue.m; sourceTree = SOURCE_ROOT; };
		AD2FEFC72934B1E90015975B /* MTProgressController.h */ = {isa = PBXFileReference; lastKnownFileType = sourcecode.c.h; path = MTProgressController.h; sourceTree = "<group>"; };
		AD2FEFC82934B1E90015975B /* MTProgressController.m */ = {isa = PBXFileReference; lastKnownFileType = sourcecode.c.objc; path = MTProgressController.m; sourceTree = "<group>"; };
		AD37CE2F2937EF860017E7EA /* MTActivityController.h */ = {isa = PBXFileReference; lastKnownFileType = sourcecode.c.h; name = MTActivityController.h; path = "Script2Pkg/View Controllers/MTActivityController.h"; sourceTree = SOURCE_ROOT; };
		AD37CE302937EF860017E7EA /* MTActivityController.m */ = {isa = PBXFileReference; lastKnownFileType = sourcecode.c.objc; name = MTActivityController.m; path = "Script2Pkg/View Controllers/MTActivityController.m"; sourceTree = SOURCE_ROOT; };
		AD42118C29687F8C00C2EC9C /* MTTextPatternValueTransformer.m */ = {isa = PBXFileReference; fileEncoding = 4; lastKnownFileType = sourcecode.c.objc; path = MTTextPatternValueTransformer.m; sourceTree = "<group>"; };
		AD42118D29687F8C00C2EC9C /* MTTextPatternValueTransformer.h */ = {isa = PBXFileReference; fileEncoding = 4; lastKnownFileType = sourcecode.c.h; path = MTTextPatternValueTransformer.h; sourceTree = "<group>"; };
		AD534F3829312A6800759C19 /* MTNotarization.h */ = {isa = PBXFileReference; lastKnownFileType = sourcecode.c.h; path = MTNotarization.h; sourceTree = "<group>"; };
		AD534F3929312A6800759C19 /* MTNotarization.m */ = {isa = PBXFileReference; lastKnownFileType = sourcecode.c.objc; path = MTNotarization.m; sourceTree = "<group>"; };
		AD581B8329683617002F85D7 /* MTSettingsCredentialTabController.h */ = {isa = PBXFileReference; lastKnownFileType = sourcecode.c.h; path = MTSettingsCredentialTabController.h; sourceTree = "<group>"; };
		AD581B8429683617002F85D7 /* MTSettingsCredentialTabController.m */ = {isa = PBXFileReference; lastKnownFileType = sourcecode.c.objc; path = MTSettingsCredentialTabController.m; sourceTree = "<group>"; };
		AD581B86296836E2002F85D7 /* MTSettingsLocationsTabController.h */ = {isa = PBXFileReference; lastKnownFileType = sourcecode.c.h; path = MTSettingsLocationsTabController.h; sourceTree = "<group>"; };
		AD581B87296836E2002F85D7 /* MTSettingsLocationsTabController.m */ = {isa = PBXFileReference; lastKnownFileType = sourcecode.c.objc; path = MTSettingsLocationsTabController.m; sourceTree = "<group>"; };
		AD581B8B296838F2002F85D7 /* MTTabViewController.h */ = {isa = PBXFileReference; lastKnownFileType = sourcecode.c.h; path = MTTabViewController.h; sourceTree = "<group>"; };
		AD581B8C296838F2002F85D7 /* MTTabViewController.m */ = {isa = PBXFileReference; lastKnownFileType = sourcecode.c.objc; path = MTTabViewController.m; sourceTree = "<group>"; };
		AD581B8E296843E7002F85D7 /* Script2Pkg.help */ = {isa = PBXFileReference; lastKnownFileType = wrapper; path = Script2Pkg.help; sourceTree = "<group>"; };
		AD58FDA1294F7CFE00A0F173 /* MTProgressIndicator.h */ = {isa = PBXFileReference; lastKnownFileType = sourcecode.c.h; path = MTProgressIndicator.h; sourceTree = "<group>"; };
		AD58FDA2294F7CFE00A0F173 /* MTProgressIndicator.m */ = {isa = PBXFileReference; lastKnownFileType = sourcecode.c.objc; path = MTProgressIndicator.m; sourceTree = "<group>"; };
		AD649A682967539F0032F7FA /* MTStateValueTransformer.h */ = {isa = PBXFileReference; fileEncoding = 4; lastKnownFileType = sourcecode.c.h; path = MTStateValueTransformer.h; sourceTree = "<group>"; };
		AD649A692967539F0032F7FA /* MTStateValueTransformer.m */ = {isa = PBXFileReference; fileEncoding = 4; lastKnownFileType = sourcecode.c.objc; path = MTStateValueTransformer.m; sourceTree = "<group>"; };
		AD6B8CAD2976A783007D1818 /* MTSettingsGeneralTabController.h */ = {isa = PBXFileReference; fileEncoding = 4; lastKnownFileType = sourcecode.c.h; path = MTSettingsGeneralTabController.h; sourceTree = "<group>"; };
		AD6B8CAE2976A784007D1818 /* MTSettingsGeneralTabController.m */ = {isa = PBXFileReference; fileEncoding = 4; lastKnownFileType = sourcecode.c.objc; path = MTSettingsGeneralTabController.m; sourceTree = "<group>"; };
		AD73BB8F2966C583009778FE /* MTLocalNotification.m */ = {isa = PBXFileReference; fileEncoding = 4; lastKnownFileType = sourcecode.c.objc; path = MTLocalNotification.m; sourceTree = "<group>"; };
		AD73BB902966C583009778FE /* MTLocalNotification.h */ = {isa = PBXFileReference; fileEncoding = 4; lastKnownFileType = sourcecode.c.h; path = MTLocalNotification.h; sourceTree = "<group>"; };
		AD774C9F29068D650072E62B /* Script2Pkg.app */ = {isa = PBXFileReference; explicitFileType = wrapper.application; includeInIndex = 0; path = Script2Pkg.app; sourceTree = BUILT_PRODUCTS_DIR; };
		AD774CA229068D650072E62B /* AppDelegate.h */ = {isa = PBXFileReference; lastKnownFileType = sourcecode.c.h; path = AppDelegate.h; sourceTree = "<group>"; };
		AD774CA329068D650072E62B /* AppDelegate.m */ = {isa = PBXFileReference; lastKnownFileType = sourcecode.c.objc; path = AppDelegate.m; sourceTree = "<group>"; };
		AD774CA529068D650072E62B /* MTMainViewController.h */ = {isa = PBXFileReference; lastKnownFileType = sourcecode.c.h; path = MTMainViewController.h; sourceTree = "<group>"; };
		AD774CA629068D650072E62B /* MTMainViewController.m */ = {isa = PBXFileReference; lastKnownFileType = sourcecode.c.objc; path = MTMainViewController.m; sourceTree = "<group>"; };
		AD774CA829068D670072E62B /* Assets.xcassets */ = {isa = PBXFileReference; lastKnownFileType = folder.assetcatalog; path = Assets.xcassets; sourceTree = "<group>"; };
		AD774CAB29068D670072E62B /* Base */ = {isa = PBXFileReference; lastKnownFileType = file.storyboard; name = Base; path = Base.lproj/Main.storyboard; sourceTree = "<group>"; };
		AD774CAD29068D670072E62B /* main.m */ = {isa = PBXFileReference; lastKnownFileType = sourcecode.c.objc; path = main.m; sourceTree = "<group>"; };
		AD89DE9E2968A5FA00537CA1 /* MTSettingsPackagingTabController.h */ = {isa = PBXFileReference; lastKnownFileType = sourcecode.c.h; path = MTSettingsPackagingTabController.h; sourceTree = "<group>"; };
		AD89DE9F2968A5FA00537CA1 /* MTSettingsPackagingTabController.m */ = {isa = PBXFileReference; lastKnownFileType = sourcecode.c.objc; path = MTSettingsPackagingTabController.m; sourceTree = "<group>"; };
		AD89DEA22968B12A00537CA1 /* MTInvalidatedCredentialsTransformer.m */ = {isa = PBXFileReference; fileEncoding = 4; lastKnownFileType = sourcecode.c.objc; path = MTInvalidatedCredentialsTransformer.m; sourceTree = "<group>"; };
		AD89DEA32968B12A00537CA1 /* MTInvalidatedCredentialsTransformer.h */ = {isa = PBXFileReference; fileEncoding = 4; lastKnownFileType = sourcecode.c.h; path = MTInvalidatedCredentialsTransformer.h; sourceTree = "<group>"; };
		AD8C28D9296741BA00EC5F18 /* MTTableCellView.h */ = {isa = PBXFileReference; lastKnownFileType = sourcecode.c.h; name = MTTableCellView.h; path = Script2Pkg/Classes/MTTableCellView.h; sourceTree = SOURCE_ROOT; };
		AD8C28DA296741BA00EC5F18 /* MTTableCellView.m */ = {isa = PBXFileReference; lastKnownFileType = sourcecode.c.objc; name = MTTableCellView.m; path = Script2Pkg/Classes/MTTableCellView.m; sourceTree = SOURCE_ROOT; };
		AD9C4592292FA8E900171CDE /* MTCredentialsController.h */ = {isa = PBXFileReference; lastKnownFileType = sourcecode.c.h; path = MTCredentialsController.h; sourceTree = "<group>"; };
		AD9C4593292FA8E900171CDE /* MTCredentialsController.m */ = {isa = PBXFileReference; lastKnownFileType = sourcecode.c.objc; path = MTCredentialsController.m; sourceTree = "<group>"; };
		ADA45C6C29890B750034895F /* de */ = {isa = PBXFileReference; lastKnownFileType = text.plist.strings; name = de; path = de.lproj/Main.strings; sourceTree = "<group>"; };
		ADA45C6D29890B750034895F /* de */ = {isa = PBXFileReference; lastKnownFileType = text.plist.strings; name = de; path = de.lproj/Localizable.strings; sourceTree = "<group>"; };
		ADB059D52941FFC90039C082 /* MTPackagingProgress.h */ = {isa = PBXFileReference; lastKnownFileType = sourcecode.c.h; name = MTPackagingProgress.h; path = Script2Pkg/Classes/MTPackagingProgress.h; sourceTree = SOURCE_ROOT; };
		ADB059D62941FFC90039C082 /* MTPackagingProgress.m */ = {isa = PBXFileReference; lastKnownFileType = sourcecode.c.objc; name = MTPackagingProgress.m; path = Script2Pkg/Classes/MTPackagingProgress.m; sourceTree = SOURCE_ROOT; };
		ADB0A3A6297EAFF7008AFB52 /* MTSignatureValidationController.h */ = {isa = PBXFileReference; lastKnownFileType = sourcecode.c.h; path = MTSignatureValidationController.h; sourceTree = "<group>"; };
		ADB0A3A7297EAFF7008AFB52 /* MTSignatureValidationController.m */ = {isa = PBXFileReference; lastKnownFileType = sourcecode.c.objc; path = MTSignatureValidationController.m; sourceTree = "<group>"; };
		ADE48E4D2939F2640010B630 /* MTTextColorValueTransformer.h */ = {isa = PBXFileReference; lastKnownFileType = sourcecode.c.h; path = MTTextColorValueTransformer.h; sourceTree = "<group>"; };
		ADE48E4E2939F2640010B630 /* MTTextColorValueTransformer.m */ = {isa = PBXFileReference; lastKnownFileType = sourcecode.c.objc; path = MTTextColorValueTransformer.m; sourceTree = "<group>"; };
		ADF9C8A6292E0BBA004101DE /* Constants.h */ = {isa = PBXFileReference; lastKnownFileType = sourcecode.c.h; path = Constants.h; sourceTree = "<group>"; };
		ADF9C8AC292E105D004101DE /* MTDeveloperIdentity.h */ = {isa = PBXFileReference; lastKnownFileType = sourcecode.c.h; path = MTDeveloperIdentity.h; sourceTree = "<group>"; };
		ADF9C8AD292E105D004101DE /* MTDeveloperIdentity.m */ = {isa = PBXFileReference; lastKnownFileType = sourcecode.c.objc; path = MTDeveloperIdentity.m; sourceTree = "<group>"; };
		ADF9C8B0292E1C0E004101DE /* en */ = {isa = PBXFileReference; lastKnownFileType = text.plist.strings; name = en; path = en.lproj/Localizable.strings; sourceTree = "<group>"; };
		ADF9C8B2292E22EB004101DE /* MTPayloadFreePackage.h */ = {isa = PBXFileReference; lastKnownFileType = sourcecode.c.h; path = MTPayloadFreePackage.h; sourceTree = "<group>"; };
		ADF9C8B3292E22EB004101DE /* MTPayloadFreePackage.m */ = {isa = PBXFileReference; lastKnownFileType = sourcecode.c.objc; path = MTPayloadFreePackage.m; sourceTree = "<group>"; };
/* End PBXFileReference section */

/* Begin PBXFrameworksBuildPhase section */
		AD774C9C29068D650072E62B /* Frameworks */ = {
			isa = PBXFrameworksBuildPhase;
			buildActionMask = 2147483647;
			files = (
			);
			runOnlyForDeploymentPostprocessing = 0;
		};
/* End PBXFrameworksBuildPhase section */

/* Begin PBXGroup section */
		AD54F25E2935FF7D0024104E /* Supporting Files */ = {
			isa = PBXGroup;
			children = (
				AD581B8E296843E7002F85D7 /* Script2Pkg.help */,
				AD774CA829068D670072E62B /* Assets.xcassets */,
				ADF9C8A6292E0BBA004101DE /* Constants.h */,
				AD086A232935E59A00D30C61 /* Info.plist */,
				ADF9C8B1292E1C0E004101DE /* Localizable.strings */,
				AD774CAD29068D670072E62B /* main.m */,
				AD774CAA29068D670072E62B /* Main.storyboard */,
			);
			name = "Supporting Files";
			sourceTree = "<group>";
		};
		AD6F176C2906D63700BA54F2 /* Frameworks */ = {
			isa = PBXGroup;
			children = (
			);
			name = Frameworks;
			sourceTree = "<group>";
		};
		AD774C9629068D650072E62B = {
			isa = PBXGroup;
			children = (
				AD774CA129068D650072E62B /* Script2Pkg */,
				AD774CA029068D650072E62B /* Products */,
				AD6F176C2906D63700BA54F2 /* Frameworks */,
			);
			sourceTree = "<group>";
		};
		AD774CA029068D650072E62B /* Products */ = {
			isa = PBXGroup;
			children = (
				AD774C9F29068D650072E62B /* Script2Pkg.app */,
			);
			name = Products;
			sourceTree = "<group>";
		};
		AD774CA129068D650072E62B /* Script2Pkg */ = {
			isa = PBXGroup;
			children = (
				ADF9C8B5292E3AB3004101DE /* Classes */,
				AD89DEA12968B0C600537CA1 /* Value Transformers */,
				ADF9C8B6292E3AD2004101DE /* View Controllers */,
				AD54F25E2935FF7D0024104E /* Supporting Files */,
				AD774CA229068D650072E62B /* AppDelegate.h */,
				AD774CA329068D650072E62B /* AppDelegate.m */,
			);
			path = Script2Pkg;
			sourceTree = "<group>";
		};
		AD89DEA12968B0C600537CA1 /* Value Transformers */ = {
			isa = PBXGroup;
			children = (
				AD89DEA32968B12A00537CA1 /* MTInvalidatedCredentialsTransformer.h */,
				AD89DEA22968B12A00537CA1 /* MTInvalidatedCredentialsTransformer.m */,
				AD649A682967539F0032F7FA /* MTStateValueTransformer.h */,
				AD649A692967539F0032F7FA /* MTStateValueTransformer.m */,
				AD42118D29687F8C00C2EC9C /* MTTextPatternValueTransformer.h */,
				AD42118C29687F8C00C2EC9C /* MTTextPatternValueTransformer.m */,
				ADE48E4D2939F2640010B630 /* MTTextColorValueTransformer.h */,
				ADE48E4E2939F2640010B630 /* MTTextColorValueTransformer.m */,
			);
			path = "Value Transformers";
			sourceTree = "<group>";
		};
		ADF9C8B5292E3AB3004101DE /* Classes */ = {
			isa = PBXGroup;
			children = (
				ADF9C8AC292E105D004101DE /* MTDeveloperIdentity.h */,
				ADF9C8AD292E105D004101DE /* MTDeveloperIdentity.m */,
				AD73BB902966C583009778FE /* MTLocalNotification.h */,
				AD73BB8F2966C583009778FE /* MTLocalNotification.m */,
				AD534F3829312A6800759C19 /* MTNotarization.h */,
				AD534F3929312A6800759C19 /* MTNotarization.m */,
				AD294EE629474AE60041F5CA /* MTOperationQueue.h */,
				AD294EE729474AE60041F5CA /* MTOperationQueue.m */,
				ADB059D52941FFC90039C082 /* MTPackagingProgress.h */,
				ADB059D62941FFC90039C082 /* MTPackagingProgress.m */,
				ADF9C8B2292E22EB004101DE /* MTPayloadFreePackage.h */,
				ADF9C8B3292E22EB004101DE /* MTPayloadFreePackage.m */,
				AD58FDA1294F7CFE00A0F173 /* MTProgressIndicator.h */,
				AD58FDA2294F7CFE00A0F173 /* MTProgressIndicator.m */,
				AD8C28D9296741BA00EC5F18 /* MTTableCellView.h */,
				AD8C28DA296741BA00EC5F18 /* MTTableCellView.m */,
			);
			path = Classes;
			sourceTree = "<group>";
		};
		ADF9C8B6292E3AD2004101DE /* View Controllers */ = {
			isa = PBXGroup;
			children = (
				AD37CE2F2937EF860017E7EA /* MTActivityController.h */,
				AD37CE302937EF860017E7EA /* MTActivityController.m */,
				AD9C4592292FA8E900171CDE /* MTCredentialsController.h */,
				AD9C4593292FA8E900171CDE /* MTCredentialsController.m */,
				AD774CA529068D650072E62B /* MTMainViewController.h */,
				AD774CA629068D650072E62B /* MTMainViewController.m */,
				AD2FEFC72934B1E90015975B /* MTProgressController.h */,
				AD2FEFC82934B1E90015975B /* MTProgressController.m */,
				AD581B8329683617002F85D7 /* MTSettingsCredentialTabController.h */,
				AD581B8429683617002F85D7 /* MTSettingsCredentialTabController.m */,
				AD6B8CAD2976A783007D1818 /* MTSettingsGeneralTabController.h */,
				AD6B8CAE2976A784007D1818 /* MTSettingsGeneralTabController.m */,
				AD581B86296836E2002F85D7 /* MTSettingsLocationsTabController.h */,
				AD581B87296836E2002F85D7 /* MTSettingsLocationsTabController.m */,
				AD89DE9E2968A5FA00537CA1 /* MTSettingsPackagingTabController.h */,
				AD89DE9F2968A5FA00537CA1 /* MTSettingsPackagingTabController.m */,
				ADB0A3A6297EAFF7008AFB52 /* MTSignatureValidationController.h */,
				ADB0A3A7297EAFF7008AFB52 /* MTSignatureValidationController.m */,
				AD581B8B296838F2002F85D7 /* MTTabViewController.h */,
				AD581B8C296838F2002F85D7 /* MTTabViewController.m */,
			);
			path = "View Controllers";
			sourceTree = "<group>";
		};
/* End PBXGroup section */

/* Begin PBXNativeTarget section */
		AD774C9E29068D650072E62B /* Script2Pkg */ = {
			isa = PBXNativeTarget;
			buildConfigurationList = AD774CB229068D670072E62B /* Build configuration list for PBXNativeTarget "Script2Pkg" */;
			buildPhases = (
				AD774C9B29068D650072E62B /* Sources */,
				AD774C9C29068D650072E62B /* Frameworks */,
				AD774C9D29068D650072E62B /* Resources */,
			);
			buildRules = (
			);
			dependencies = (
			);
			name = Script2Pkg;
			productName = Packer;
			productReference = AD774C9F29068D650072E62B /* Script2Pkg.app */;
			productType = "com.apple.product-type.application";
		};
/* End PBXNativeTarget section */

/* Begin PBXProject section */
		AD774C9729068D650072E62B /* Project object */ = {
			isa = PBXProject;
			attributes = {
				BuildIndependentTargetsInParallel = 1;
				LastUpgradeCheck = 1420;
				TargetAttributes = {
					AD774C9E29068D650072E62B = {
						CreatedOnToolsVersion = 14.1;
					};
				};
			};
			buildConfigurationList = AD774C9A29068D650072E62B /* Build configuration list for PBXProject "Script2Pkg" */;
			compatibilityVersion = "Xcode 13.0";
			developmentRegion = en;
			hasScannedForEncodings = 0;
			knownRegions = (
				en,
				Base,
				de,
			);
			mainGroup = AD774C9629068D650072E62B;
			productRefGroup = AD774CA029068D650072E62B /* Products */;
			projectDirPath = "";
			projectRoot = "";
			targets = (
				AD774C9E29068D650072E62B /* Script2Pkg */,
			);
		};
/* End PBXProject section */

/* Begin PBXResourcesBuildPhase section */
		AD774C9D29068D650072E62B /* Resources */ = {
			isa = PBXResourcesBuildPhase;
			buildActionMask = 2147483647;
			files = (
				AD581B8F296843E7002F85D7 /* Script2Pkg.help in Resources */,
				AD774CA929068D670072E62B /* Assets.xcassets in Resources */,
				ADF9C8AF292E1C0E004101DE /* Localizable.strings in Resources */,
				AD774CAC29068D670072E62B /* Main.storyboard in Resources */,
			);
			runOnlyForDeploymentPostprocessing = 0;
		};
/* End PBXResourcesBuildPhase section */

/* Begin PBXSourcesBuildPhase section */
		AD774C9B29068D650072E62B /* Sources */ = {
			isa = PBXSourcesBuildPhase;
			buildActionMask = 2147483647;
			files = (
				AD8C28DB296741BA00EC5F18 /* MTTableCellView.m in Sources */,
				AD2FEFC92934B1E90015975B /* MTProgressController.m in Sources */,
				AD37CE312937EF860017E7EA /* MTActivityController.m in Sources */,
				AD774CA729068D650072E62B /* MTMainViewController.m in Sources */,
				AD73BB912966C583009778FE /* MTLocalNotification.m in Sources */,
				ADE48E4F2939F2640010B630 /* MTTextColorValueTransformer.m in Sources */,
				AD294EE829474AE60041F5CA /* MTOperationQueue.m in Sources */,
				AD534F3A29312A6800759C19 /* MTNotarization.m in Sources */,
				AD581B8D296838F2002F85D7 /* MTTabViewController.m in Sources */,
				AD89DEA42968B12A00537CA1 /* MTInvalidatedCredentialsTransformer.m in Sources */,
				ADB0A3A8297EAFF7008AFB52 /* MTSignatureValidationController.m in Sources */,
				AD6B8CAF2976A784007D1818 /* MTSettingsGeneralTabController.m in Sources */,
				AD774CAE29068D670072E62B /* main.m in Sources */,
				AD58FDA3294F7CFE00A0F173 /* MTProgressIndicator.m in Sources */,
				ADB059D72941FFC90039C082 /* MTPackagingProgress.m in Sources */,
				ADF9C8AE292E105D004101DE /* MTDeveloperIdentity.m in Sources */,
				AD9C4594292FA8E900171CDE /* MTCredentialsController.m in Sources */,
				AD581B89296836E2002F85D7 /* MTSettingsLocationsTabController.m in Sources */,
				AD774CA429068D650072E62B /* AppDelegate.m in Sources */,
				AD649A6A2967539F0032F7FA /* MTStateValueTransformer.m in Sources */,
				AD581B8529683617002F85D7 /* MTSettingsCredentialTabController.m in Sources */,
				AD42118E29687F8C00C2EC9C /* MTTextPatternValueTransformer.m in Sources */,
				ADF9C8B4292E22EB004101DE /* MTPayloadFreePackage.m in Sources */,
				AD89DEA02968A5FA00537CA1 /* MTSettingsPackagingTabController.m in Sources */,
			);
			runOnlyForDeploymentPostprocessing = 0;
		};
/* End PBXSourcesBuildPhase section */

/* Begin PBXVariantGroup section */
		AD774CAA29068D670072E62B /* Main.storyboard */ = {
			isa = PBXVariantGroup;
			children = (
				AD774CAB29068D670072E62B /* Base */,
				ADA45C6C29890B750034895F /* de */,
			);
			name = Main.storyboard;
			sourceTree = "<group>";
		};
		ADF9C8B1292E1C0E004101DE /* Localizable.strings */ = {
			isa = PBXVariantGroup;
			children = (
				ADF9C8B0292E1C0E004101DE /* en */,
				ADA45C6D29890B750034895F /* de */,
			);
			name = Localizable.strings;
			sourceTree = "<group>";
		};
/* End PBXVariantGroup section */

/* Begin XCBuildConfiguration section */
		AD774CB029068D670072E62B /* Debug */ = {
			isa = XCBuildConfiguration;
			buildSettings = {
				ALWAYS_SEARCH_USER_PATHS = NO;
				CLANG_ANALYZER_LOCALIZABILITY_NONLOCALIZED = YES;
				CLANG_ANALYZER_NONNULL = YES;
				CLANG_ANALYZER_NUMBER_OBJECT_CONVERSION = YES_AGGRESSIVE;
				CLANG_CXX_LANGUAGE_STANDARD = "gnu++20";
				CLANG_ENABLE_MODULES = YES;
				CLANG_ENABLE_OBJC_ARC = YES;
				CLANG_ENABLE_OBJC_WEAK = YES;
				CLANG_WARN_BLOCK_CAPTURE_AUTORELEASING = YES;
				CLANG_WARN_BOOL_CONVERSION = YES;
				CLANG_WARN_COMMA = YES;
				CLANG_WARN_CONSTANT_CONVERSION = YES;
				CLANG_WARN_DEPRECATED_OBJC_IMPLEMENTATIONS = YES;
				CLANG_WARN_DIRECT_OBJC_ISA_USAGE = YES_ERROR;
				CLANG_WARN_DOCUMENTATION_COMMENTS = YES;
				CLANG_WARN_EMPTY_BODY = YES;
				CLANG_WARN_ENUM_CONVERSION = YES;
				CLANG_WARN_INFINITE_RECURSION = YES;
				CLANG_WARN_INT_CONVERSION = YES;
				CLANG_WARN_NON_LITERAL_NULL_CONVERSION = YES;
				CLANG_WARN_OBJC_IMPLICIT_RETAIN_SELF = YES;
				CLANG_WARN_OBJC_LITERAL_CONVERSION = YES;
				CLANG_WARN_OBJC_ROOT_CLASS = YES_ERROR;
				CLANG_WARN_QUOTED_INCLUDE_IN_FRAMEWORK_HEADER = YES;
				CLANG_WARN_RANGE_LOOP_ANALYSIS = YES;
				CLANG_WARN_STRICT_PROTOTYPES = YES;
				CLANG_WARN_SUSPICIOUS_MOVE = YES;
				CLANG_WARN_UNGUARDED_AVAILABILITY = YES_AGGRESSIVE;
				CLANG_WARN_UNREACHABLE_CODE = YES;
				CLANG_WARN__DUPLICATE_METHOD_MATCH = YES;
				COPY_PHASE_STRIP = NO;
				DEAD_CODE_STRIPPING = YES;
				DEBUG_INFORMATION_FORMAT = dwarf;
				ENABLE_STRICT_OBJC_MSGSEND = YES;
				ENABLE_TESTABILITY = YES;
				GCC_C_LANGUAGE_STANDARD = gnu11;
				GCC_DYNAMIC_NO_PIC = NO;
				GCC_NO_COMMON_BLOCKS = YES;
				GCC_OPTIMIZATION_LEVEL = 0;
				GCC_PREPROCESSOR_DEFINITIONS = (
					"DEBUG=1",
					"$(inherited)",
				);
				GCC_WARN_64_TO_32_BIT_CONVERSION = YES;
				GCC_WARN_ABOUT_RETURN_TYPE = YES_ERROR;
				GCC_WARN_UNDECLARED_SELECTOR = YES;
				GCC_WARN_UNINITIALIZED_AUTOS = YES_AGGRESSIVE;
				GCC_WARN_UNUSED_FUNCTION = YES;
				GCC_WARN_UNUSED_VARIABLE = YES;
				MACOSX_DEPLOYMENT_TARGET = 11.3;
				MTL_ENABLE_DEBUG_INFO = INCLUDE_SOURCE;
				MTL_FAST_MATH = YES;
				ONLY_ACTIVE_ARCH = YES;
				SDKROOT = macosx;
			};
			name = Debug;
		};
		AD774CB129068D670072E62B /* Release */ = {
			isa = XCBuildConfiguration;
			buildSettings = {
				ALWAYS_SEARCH_USER_PATHS = NO;
				CLANG_ANALYZER_LOCALIZABILITY_NONLOCALIZED = YES;
				CLANG_ANALYZER_NONNULL = YES;
				CLANG_ANALYZER_NUMBER_OBJECT_CONVERSION = YES_AGGRESSIVE;
				CLANG_CXX_LANGUAGE_STANDARD = "gnu++20";
				CLANG_ENABLE_MODULES = YES;
				CLANG_ENABLE_OBJC_ARC = YES;
				CLANG_ENABLE_OBJC_WEAK = YES;
				CLANG_WARN_BLOCK_CAPTURE_AUTORELEASING = YES;
				CLANG_WARN_BOOL_CONVERSION = YES;
				CLANG_WARN_COMMA = YES;
				CLANG_WARN_CONSTANT_CONVERSION = YES;
				CLANG_WARN_DEPRECATED_OBJC_IMPLEMENTATIONS = YES;
				CLANG_WARN_DIRECT_OBJC_ISA_USAGE = YES_ERROR;
				CLANG_WARN_DOCUMENTATION_COMMENTS = YES;
				CLANG_WARN_EMPTY_BODY = YES;
				CLANG_WARN_ENUM_CONVERSION = YES;
				CLANG_WARN_INFINITE_RECURSION = YES;
				CLANG_WARN_INT_CONVERSION = YES;
				CLANG_WARN_NON_LITERAL_NULL_CONVERSION = YES;
				CLANG_WARN_OBJC_IMPLICIT_RETAIN_SELF = YES;
				CLANG_WARN_OBJC_LITERAL_CONVERSION = YES;
				CLANG_WARN_OBJC_ROOT_CLASS = YES_ERROR;
				CLANG_WARN_QUOTED_INCLUDE_IN_FRAMEWORK_HEADER = YES;
				CLANG_WARN_RANGE_LOOP_ANALYSIS = YES;
				CLANG_WARN_STRICT_PROTOTYPES = YES;
				CLANG_WARN_SUSPICIOUS_MOVE = YES;
				CLANG_WARN_UNGUARDED_AVAILABILITY = YES_AGGRESSIVE;
				CLANG_WARN_UNREACHABLE_CODE = YES;
				CLANG_WARN__DUPLICATE_METHOD_MATCH = YES;
				COPY_PHASE_STRIP = NO;
				DEAD_CODE_STRIPPING = YES;
				DEBUG_INFORMATION_FORMAT = "dwarf-with-dsym";
				ENABLE_NS_ASSERTIONS = NO;
				ENABLE_STRICT_OBJC_MSGSEND = YES;
				GCC_C_LANGUAGE_STANDARD = gnu11;
				GCC_NO_COMMON_BLOCKS = YES;
				GCC_WARN_64_TO_32_BIT_CONVERSION = YES;
				GCC_WARN_ABOUT_RETURN_TYPE = YES_ERROR;
				GCC_WARN_UNDECLARED_SELECTOR = YES;
				GCC_WARN_UNINITIALIZED_AUTOS = YES_AGGRESSIVE;
				GCC_WARN_UNUSED_FUNCTION = YES;
				GCC_WARN_UNUSED_VARIABLE = YES;
				MACOSX_DEPLOYMENT_TARGET = 11.3;
				MTL_ENABLE_DEBUG_INFO = NO;
				MTL_FAST_MATH = YES;
				SDKROOT = macosx;
			};
			name = Release;
		};
		AD774CB329068D670072E62B /* Debug */ = {
			isa = XCBuildConfiguration;
			buildSettings = {
				ASSETCATALOG_COMPILER_APPICON_NAME = AppIcon;
				ASSETCATALOG_COMPILER_GLOBAL_ACCENT_COLOR_NAME = AccentColor;
				CODE_SIGN_ENTITLEMENTS = "";
				CODE_SIGN_IDENTITY = "Apple Development";
				CODE_SIGN_STYLE = Automatic;
				COMBINE_HIDPI_IMAGES = YES;
				CURRENT_PROJECT_VERSION = 235;
				DEAD_CODE_STRIPPING = YES;
				DEVELOPMENT_TEAM = 7R5ZEU67FQ;
				ENABLE_HARDENED_RUNTIME = YES;
				GENERATE_INFOPLIST_FILE = YES;
				INFOPLIST_FILE = Script2Pkg/Info.plist;
				INFOPLIST_KEY_CFBundleDisplayName = Script2Pkg;
				INFOPLIST_KEY_LSApplicationCategoryType = "public.app-category.utilities";
				INFOPLIST_KEY_NSHumanReadableCopyright = "© 2022-2023 SAP SE. All rights reserved.";
				INFOPLIST_KEY_NSMainStoryboardFile = Main;
				INFOPLIST_KEY_NSPrincipalClass = NSApplication;
				LD_RUNPATH_SEARCH_PATHS = (
					"$(inherited)",
					"@executable_path/../Frameworks",
				);
				MACOSX_DEPLOYMENT_TARGET = 11.3;
				MARKETING_VERSION = 1.0.0;
				PRODUCT_BUNDLE_IDENTIFIER = corp.sap.Script2Pkg;
				PRODUCT_NAME = "$(TARGET_NAME)";
				PROVISIONING_PROFILE_SPECIFIER = "";
				SWIFT_EMIT_LOC_STRINGS = YES;
			};
			name = Debug;
		};
		AD774CB429068D670072E62B /* Release */ = {
			isa = XCBuildConfiguration;
			buildSettings = {
				ASSETCATALOG_COMPILER_APPICON_NAME = AppIcon;
				ASSETCATALOG_COMPILER_GLOBAL_ACCENT_COLOR_NAME = AccentColor;
				CODE_SIGN_ENTITLEMENTS = "";
				CODE_SIGN_IDENTITY = "Apple Development";
				CODE_SIGN_STYLE = Automatic;
				COMBINE_HIDPI_IMAGES = YES;
				CURRENT_PROJECT_VERSION = 235;
				DEAD_CODE_STRIPPING = YES;
				DEVELOPMENT_TEAM = 7R5ZEU67FQ;
				ENABLE_HARDENED_RUNTIME = YES;
				GENERATE_INFOPLIST_FILE = YES;
				INFOPLIST_FILE = Script2Pkg/Info.plist;
				INFOPLIST_KEY_CFBundleDisplayName = Script2Pkg;
				INFOPLIST_KEY_LSApplicationCategoryType = "public.app-category.utilities";
				INFOPLIST_KEY_NSHumanReadableCopyright = "© 2022-2023 SAP SE. All rights reserved.";
				INFOPLIST_KEY_NSMainStoryboardFile = Main;
				INFOPLIST_KEY_NSPrincipalClass = NSApplication;
				LD_RUNPATH_SEARCH_PATHS = (
					"$(inherited)",
					"@executable_path/../Frameworks",
				);
				MACOSX_DEPLOYMENT_TARGET = 11.3;
				MARKETING_VERSION = 1.0.0;
				PRODUCT_BUNDLE_IDENTIFIER = corp.sap.Script2Pkg;
				PRODUCT_NAME = "$(TARGET_NAME)";
				PROVISIONING_PROFILE_SPECIFIER = "";
				SWIFT_EMIT_LOC_STRINGS = YES;
			};
			name = Release;
		};
/* End XCBuildConfiguration section */

/* Begin XCConfigurationList section */
		AD774C9A29068D650072E62B /* Build configuration list for PBXProject "Script2Pkg" */ = {
			isa = XCConfigurationList;
			buildConfigurations = (
				AD774CB029068D670072E62B /* Debug */,
				AD774CB129068D670072E62B /* Release */,
			);
			defaultConfigurationIsVisible = 0;
			defaultConfigurationName = Release;
		};
		AD774CB229068D670072E62B /* Build configuration list for PBXNativeTarget "Script2Pkg" */ = {
			isa = XCConfigurationList;
			buildConfigurations = (
				AD774CB329068D670072E62B /* Debug */,
				AD774CB429068D670072E62B /* Release */,
			);
			defaultConfigurationIsVisible = 0;
			defaultConfigurationName = Release;
		};
/* End XCConfigurationList section */
	};
	rootObject = AD774C9729068D650072E62B /* Project object */;
}
